
Microsoft Visual Studio Solution File, Format Version 12.00
# Visual Studio Version 17
VisualStudioVersion = 17.3.32929.385
MinimumVisualStudioVersion = 10.0.40219.1
Project("{9A19103F-16F7-4668-BE54-9A1E7A4F7556}") = "Ecommerce.Domain", "src\Ecommerce.Domain\Ecommerce.Domain.csproj", "{554AD327-6DBA-4F8F-96F8-81CE7A0C863F}"
EndProject
Project("{9A19103F-16F7-4668-BE54-9A1E7A4F7556}") = "Ecommerce.Application", "src\Ecommerce.Application\Ecommerce.Application.csproj", "{1A94A50E-06DC-43C1-80B5-B662820EC3EB}"
EndProject
Project("{9A19103F-16F7-4668-BE54-9A1E7A4F7556}") = "Ecommerce.EntityFrameworkCore", "src\Ecommerce.EntityFrameworkCore\Ecommerce.EntityFrameworkCore.csproj", "{C956DD76-69C8-4A9C-83EA-D17DF83340FD}"
EndProject
Project("{2150E333-8FDC-42A3-9474-1A3956D46DE8}") = "src", "src", "{CA9AC87F-097E-4F15-8393-4BC07735A5B0}"
EndProject
Project("{2150E333-8FDC-42A3-9474-1A3956D46DE8}") = "test", "test", "{04DBDB01-70F4-4E06-B468-8F87850B22BE}"
EndProject
Project("{9A19103F-16F7-4668-BE54-9A1E7A4F7556}") = "Ecommerce.Application.Tests", "test\Ecommerce.Application.Tests\Ecommerce.Application.Tests.csproj", "{50B2631D-129C-47B3-A587-029CCD6099BC}"
EndProject
Project("{9A19103F-16F7-4668-BE54-9A1E7A4F7556}") = "Ecommerce.Domain.Shared", "src\Ecommerce.Domain.Shared\Ecommerce.Domain.Shared.csproj", "{42F719ED-8413-4895-B5B4-5AB56079BC66}"
EndProject
Project("{9A19103F-16F7-4668-BE54-9A1E7A4F7556}") = "Ecommerce.Application.Contracts", "src\Ecommerce.Application.Contracts\Ecommerce.Application.Contracts.csproj", "{520659C8-C734-4298-A3DA-B539DB9DFC0B}"
EndProject
Project("{9A19103F-16F7-4668-BE54-9A1E7A4F7556}") = "Ecommerce.HttpApi", "src\Ecommerce.HttpApi\Ecommerce.HttpApi.csproj", "{4164BDF7-F527-4E85-9CE6-E3C2D7426A27}"
EndProject
Project("{9A19103F-16F7-4668-BE54-9A1E7A4F7556}") = "Ecommerce.HttpApi.Client", "src\Ecommerce.HttpApi.Client\Ecommerce.HttpApi.Client.csproj", "{3B5A0094-670D-4BB1-BFDD-61B88A8773DC}"
EndProject
Project("{9A19103F-16F7-4668-BE54-9A1E7A4F7556}") = "Ecommerce.AuthServer", "src\Ecommerce.AuthServer\Ecommerce.AuthServer.csproj", "{073C361E-B8F4-49F5-93CC-72A3FF49C026}"
EndProject
Project("{9A19103F-16F7-4668-BE54-9A1E7A4F7556}") = "Ecommerce.HttpApi.Host", "src\Ecommerce.HttpApi.Host\Ecommerce.HttpApi.Host.csproj", "{E6D5BF0E-DE92-4D82-A352-EF04B37CB11C}"
EndProject
Project("{9A19103F-16F7-4668-BE54-9A1E7A4F7556}") = "Ecommerce.EntityFrameworkCore.Tests", "test\Ecommerce.EntityFrameworkCore.Tests\Ecommerce.EntityFrameworkCore.Tests.csproj", "{1FE30EB9-74A9-47F5-A9F6-7B1FAB672D81}"
EndProject
Project("{9A19103F-16F7-4668-BE54-9A1E7A4F7556}") = "Ecommerce.TestBase", "test\Ecommerce.TestBase\Ecommerce.TestBase.csproj", "{91853F21-9CD9-4132-BC29-A7D5D84FFFE7}"
EndProject
Project("{9A19103F-16F7-4668-BE54-9A1E7A4F7556}") = "Ecommerce.Domain.Tests", "test\Ecommerce.Domain.Tests\Ecommerce.Domain.Tests.csproj", "{E512F4D9-9375-480F-A2F6-A46509F9D824}"
EndProject
Project("{9A19103F-16F7-4668-BE54-9A1E7A4F7556}") = "Ecommerce.HttpApi.Client.ConsoleTestApp", "test\Ecommerce.HttpApi.Client.ConsoleTestApp\Ecommerce.HttpApi.Client.ConsoleTestApp.csproj", "{EF480016-9127-4916-8735-D2466BDBC582}"
EndProject
Project("{9A19103F-16F7-4668-BE54-9A1E7A4F7556}") = "Ecommerce.DbMigrator", "src\Ecommerce.DbMigrator\Ecommerce.DbMigrator.csproj", "{AA94D832-1CCC-4715-95A9-A483F23A1A5D}"
EndProject
Project("{2150E333-8FDC-42A3-9474-1A3956D46DE8}") = "auth", "auth", "{90448605-CFE9-4CA4-A6C4-91585E3F95A2}"
EndProject
Project("{2150E333-8FDC-42A3-9474-1A3956D46DE8}") = "common", "common", "{CACEA0BD-07F7-4120-8071-35BD02A0EC8F}"
EndProject
Project("{2150E333-8FDC-42A3-9474-1A3956D46DE8}") = "domain", "domain", "{338F9856-0CA3-4C46-8072-71B38AEECB57}"
EndProject
Project("{2150E333-8FDC-42A3-9474-1A3956D46DE8}") = "infrastructure", "infrastructure", "{01248B61-0146-4888-8AC5-BDDA521117CA}"
EndProject
Project("{2150E333-8FDC-42A3-9474-1A3956D46DE8}") = "public", "public", "{47719A24-3595-415C-A92C-3774E4CA0E1C}"
EndProject
Project("{2150E333-8FDC-42A3-9474-1A3956D46DE8}") = "admin", "admin", "{6514B673-DEC4-43DD-8052-00E172896B55}"
EndProject
Project("{9A19103F-16F7-4668-BE54-9A1E7A4F7556}") = "Ecommerce.Admin.Application", "src\Ecommerce.Admin.Application\Ecommerce.Admin.Application.csproj", "{4C1F12CB-A6C3-422B-A697-4ACC3849E97E}"
EndProject
Project("{9A19103F-16F7-4668-BE54-9A1E7A4F7556}") = "Ecommerce.Admin.Application.Contracts", "src\Ecommerce.Admin.Application.Contracts\Ecommerce.Admin.Application.Contracts.csproj", "{D14E694E-942B-4B63-9E54-7142F1EB699F}"
EndProject
Project("{9A19103F-16F7-4668-BE54-9A1E7A4F7556}") = "Ecommerce.Admin.HttpApi", "src\Ecommerce.Admin.HttpApi\Ecommerce.Admin.HttpApi.csproj", "{31EB3B13-947A-467E-93D2-82BE9810E123}"
EndProject
Project("{9A19103F-16F7-4668-BE54-9A1E7A4F7556}") = "Ecommerce.Admin.HttpApi.Client", "src\Ecommerce.Admin.HttpApi.Client\Ecommerce.Admin.HttpApi.Client.csproj", "{A37CD2A9-FA41-4BD7-9C32-CD735181A03A}"
EndProject
Project("{9A19103F-16F7-4668-BE54-9A1E7A4F7556}") = "Ecommerce.Admin.HttpApi.Host", "src\Ecommerce.Admin.HttpApi.Host\Ecommerce.Admin.HttpApi.Host.csproj", "{221B6322-2BA4-4F35-A4A0-DE9C427CDD26}"
EndProject
Project("{2150E333-8FDC-42A3-9474-1A3956D46DE8}") = "public", "public", "{2E6A4EE5-FA5F-4AC3-AF50-57B6B3C98BF8}"
EndProject
Project("{2150E333-8FDC-42A3-9474-1A3956D46DE8}") = "admin", "admin", "{8CFE26C2-B11D-4229-B2CC-4E73450EF0F4}"
EndProject
Project("{9A19103F-16F7-4668-BE54-9A1E7A4F7556}") = "Ecommerce.Admin.Application.Tests", "test\Ecommerce.Admin.Application.Tests\Ecommerce.Admin.Application.Tests.csproj", "{EF89B25D-179F-4632-B18A-2B4B6954336B}"
EndProject
Project("{9A19103F-16F7-4668-BE54-9A1E7A4F7556}") = "Ecommerce.Admin.HttpApi.Client.ConsoleTestApp", "test\Ecommerce.Admin.HttpApi.Client.ConsoleTestApp\Ecommerce.Admin.HttpApi.Client.ConsoleTestApp.csproj", "{796B9B0B-85C6-4866-8D27-3581C1134FA0}"
EndProject
Project("{2150E333-8FDC-42A3-9474-1A3956D46DE8}") = "shared", "shared", "{A4F4BB05-B097-4A8E-8F93-211DB485313D}"
EndProject
Global
	GlobalSection(SolutionConfigurationPlatforms) = preSolution
		Debug|Any CPU = Debug|Any CPU
		Release|Any CPU = Release|Any CPU
	EndGlobalSection
	GlobalSection(ProjectConfigurationPlatforms) = postSolution
		{554AD327-6DBA-4F8F-96F8-81CE7A0C863F}.Debug|Any CPU.ActiveCfg = Debug|Any CPU
		{554AD327-6DBA-4F8F-96F8-81CE7A0C863F}.Debug|Any CPU.Build.0 = Debug|Any CPU
		{554AD327-6DBA-4F8F-96F8-81CE7A0C863F}.Release|Any CPU.ActiveCfg = Release|Any CPU
		{554AD327-6DBA-4F8F-96F8-81CE7A0C863F}.Release|Any CPU.Build.0 = Release|Any CPU
		{1A94A50E-06DC-43C1-80B5-B662820EC3EB}.Debug|Any CPU.ActiveCfg = Debug|Any CPU
		{1A94A50E-06DC-43C1-80B5-B662820EC3EB}.Debug|Any CPU.Build.0 = Debug|Any CPU
		{1A94A50E-06DC-43C1-80B5-B662820EC3EB}.Release|Any CPU.ActiveCfg = Release|Any CPU
		{1A94A50E-06DC-43C1-80B5-B662820EC3EB}.Release|Any CPU.Build.0 = Release|Any CPU
		{C956DD76-69C8-4A9C-83EA-D17DF83340FD}.Debug|Any CPU.ActiveCfg = Debug|Any CPU
		{C956DD76-69C8-4A9C-83EA-D17DF83340FD}.Debug|Any CPU.Build.0 = Debug|Any CPU
		{C956DD76-69C8-4A9C-83EA-D17DF83340FD}.Release|Any CPU.ActiveCfg = Release|Any CPU
		{C956DD76-69C8-4A9C-83EA-D17DF83340FD}.Release|Any CPU.Build.0 = Release|Any CPU
		{50B2631D-129C-47B3-A587-029CCD6099BC}.Debug|Any CPU.ActiveCfg = Debug|Any CPU
		{50B2631D-129C-47B3-A587-029CCD6099BC}.Debug|Any CPU.Build.0 = Debug|Any CPU
		{50B2631D-129C-47B3-A587-029CCD6099BC}.Release|Any CPU.ActiveCfg = Release|Any CPU
		{50B2631D-129C-47B3-A587-029CCD6099BC}.Release|Any CPU.Build.0 = Release|Any CPU
		{42F719ED-8413-4895-B5B4-5AB56079BC66}.Debug|Any CPU.ActiveCfg = Debug|Any CPU
		{42F719ED-8413-4895-B5B4-5AB56079BC66}.Debug|Any CPU.Build.0 = Debug|Any CPU
		{42F719ED-8413-4895-B5B4-5AB56079BC66}.Release|Any CPU.ActiveCfg = Release|Any CPU
		{42F719ED-8413-4895-B5B4-5AB56079BC66}.Release|Any CPU.Build.0 = Release|Any CPU
		{520659C8-C734-4298-A3DA-B539DB9DFC0B}.Debug|Any CPU.ActiveCfg = Debug|Any CPU
		{520659C8-C734-4298-A3DA-B539DB9DFC0B}.Debug|Any CPU.Build.0 = Debug|Any CPU
		{520659C8-C734-4298-A3DA-B539DB9DFC0B}.Release|Any CPU.ActiveCfg = Release|Any CPU
		{520659C8-C734-4298-A3DA-B539DB9DFC0B}.Release|Any CPU.Build.0 = Release|Any CPU
		{4164BDF7-F527-4E85-9CE6-E3C2D7426A27}.Debug|Any CPU.ActiveCfg = Debug|Any CPU
		{4164BDF7-F527-4E85-9CE6-E3C2D7426A27}.Debug|Any CPU.Build.0 = Debug|Any CPU
		{4164BDF7-F527-4E85-9CE6-E3C2D7426A27}.Release|Any CPU.ActiveCfg = Release|Any CPU
		{4164BDF7-F527-4E85-9CE6-E3C2D7426A27}.Release|Any CPU.Build.0 = Release|Any CPU
		{3B5A0094-670D-4BB1-BFDD-61B88A8773DC}.Debug|Any CPU.ActiveCfg = Debug|Any CPU
		{3B5A0094-670D-4BB1-BFDD-61B88A8773DC}.Debug|Any CPU.Build.0 = Debug|Any CPU
		{3B5A0094-670D-4BB1-BFDD-61B88A8773DC}.Release|Any CPU.ActiveCfg = Release|Any CPU
		{3B5A0094-670D-4BB1-BFDD-61B88A8773DC}.Release|Any CPU.Build.0 = Release|Any CPU
		{073C361E-B8F4-49F5-93CC-72A3FF49C026}.Debug|Any CPU.ActiveCfg = Debug|Any CPU
		{073C361E-B8F4-49F5-93CC-72A3FF49C026}.Debug|Any CPU.Build.0 = Debug|Any CPU
		{073C361E-B8F4-49F5-93CC-72A3FF49C026}.Release|Any CPU.ActiveCfg = Release|Any CPU
		{073C361E-B8F4-49F5-93CC-72A3FF49C026}.Release|Any CPU.Build.0 = Release|Any CPU
		{E6D5BF0E-DE92-4D82-A352-EF04B37CB11C}.Debug|Any CPU.ActiveCfg = Debug|Any CPU
		{E6D5BF0E-DE92-4D82-A352-EF04B37CB11C}.Debug|Any CPU.Build.0 = Debug|Any CPU
		{E6D5BF0E-DE92-4D82-A352-EF04B37CB11C}.Release|Any CPU.ActiveCfg = Release|Any CPU
		{E6D5BF0E-DE92-4D82-A352-EF04B37CB11C}.Release|Any CPU.Build.0 = Release|Any CPU
		{1FE30EB9-74A9-47F5-A9F6-7B1FAB672D81}.Debug|Any CPU.ActiveCfg = Debug|Any CPU
		{1FE30EB9-74A9-47F5-A9F6-7B1FAB672D81}.Debug|Any CPU.Build.0 = Debug|Any CPU
		{1FE30EB9-74A9-47F5-A9F6-7B1FAB672D81}.Release|Any CPU.ActiveCfg = Release|Any CPU
		{1FE30EB9-74A9-47F5-A9F6-7B1FAB672D81}.Release|Any CPU.Build.0 = Release|Any CPU
		{91853F21-9CD9-4132-BC29-A7D5D84FFFE7}.Debug|Any CPU.ActiveCfg = Debug|Any CPU
		{91853F21-9CD9-4132-BC29-A7D5D84FFFE7}.Debug|Any CPU.Build.0 = Debug|Any CPU
		{91853F21-9CD9-4132-BC29-A7D5D84FFFE7}.Release|Any CPU.ActiveCfg = Release|Any CPU
		{91853F21-9CD9-4132-BC29-A7D5D84FFFE7}.Release|Any CPU.Build.0 = Release|Any CPU
		{E512F4D9-9375-480F-A2F6-A46509F9D824}.Debug|Any CPU.ActiveCfg = Debug|Any CPU
		{E512F4D9-9375-480F-A2F6-A46509F9D824}.Debug|Any CPU.Build.0 = Debug|Any CPU
		{E512F4D9-9375-480F-A2F6-A46509F9D824}.Release|Any CPU.ActiveCfg = Release|Any CPU
		{E512F4D9-9375-480F-A2F6-A46509F9D824}.Release|Any CPU.Build.0 = Release|Any CPU
		{EF480016-9127-4916-8735-D2466BDBC582}.Debug|Any CPU.ActiveCfg = Debug|Any CPU
		{EF480016-9127-4916-8735-D2466BDBC582}.Debug|Any CPU.Build.0 = Debug|Any CPU
		{EF480016-9127-4916-8735-D2466BDBC582}.Release|Any CPU.ActiveCfg = Release|Any CPU
		{EF480016-9127-4916-8735-D2466BDBC582}.Release|Any CPU.Build.0 = Release|Any CPU
		{AA94D832-1CCC-4715-95A9-A483F23A1A5D}.Debug|Any CPU.ActiveCfg = Debug|Any CPU
		{AA94D832-1CCC-4715-95A9-A483F23A1A5D}.Debug|Any CPU.Build.0 = Debug|Any CPU
		{AA94D832-1CCC-4715-95A9-A483F23A1A5D}.Release|Any CPU.ActiveCfg = Release|Any CPU
		{AA94D832-1CCC-4715-95A9-A483F23A1A5D}.Release|Any CPU.Build.0 = Release|Any CPU
		{4C1F12CB-A6C3-422B-A697-4ACC3849E97E}.Debug|Any CPU.ActiveCfg = Debug|Any CPU
		{4C1F12CB-A6C3-422B-A697-4ACC3849E97E}.Debug|Any CPU.Build.0 = Debug|Any CPU
		{4C1F12CB-A6C3-422B-A697-4ACC3849E97E}.Release|Any CPU.ActiveCfg = Release|Any CPU
		{4C1F12CB-A6C3-422B-A697-4ACC3849E97E}.Release|Any CPU.Build.0 = Release|Any CPU
		{D14E694E-942B-4B63-9E54-7142F1EB699F}.Debug|Any CPU.ActiveCfg = Debug|Any CPU
		{D14E694E-942B-4B63-9E54-7142F1EB699F}.Debug|Any CPU.Build.0 = Debug|Any CPU
		{D14E694E-942B-4B63-9E54-7142F1EB699F}.Release|Any CPU.ActiveCfg = Release|Any CPU
		{D14E694E-942B-4B63-9E54-7142F1EB699F}.Release|Any CPU.Build.0 = Release|Any CPU
		{31EB3B13-947A-467E-93D2-82BE9810E123}.Debug|Any CPU.ActiveCfg = Debug|Any CPU
		{31EB3B13-947A-467E-93D2-82BE9810E123}.Debug|Any CPU.Build.0 = Debug|Any CPU
		{31EB3B13-947A-467E-93D2-82BE9810E123}.Release|Any CPU.ActiveCfg = Release|Any CPU
		{31EB3B13-947A-467E-93D2-82BE9810E123}.Release|Any CPU.Build.0 = Release|Any CPU
		{A37CD2A9-FA41-4BD7-9C32-CD735181A03A}.Debug|Any CPU.ActiveCfg = Debug|Any CPU
		{A37CD2A9-FA41-4BD7-9C32-CD735181A03A}.Debug|Any CPU.Build.0 = Debug|Any CPU
		{A37CD2A9-FA41-4BD7-9C32-CD735181A03A}.Release|Any CPU.ActiveCfg = Release|Any CPU
		{A37CD2A9-FA41-4BD7-9C32-CD735181A03A}.Release|Any CPU.Build.0 = Release|Any CPU
		{221B6322-2BA4-4F35-A4A0-DE9C427CDD26}.Debug|Any CPU.ActiveCfg = Debug|Any CPU
		{221B6322-2BA4-4F35-A4A0-DE9C427CDD26}.Debug|Any CPU.Build.0 = Debug|Any CPU
		{221B6322-2BA4-4F35-A4A0-DE9C427CDD26}.Release|Any CPU.ActiveCfg = Release|Any CPU
		{221B6322-2BA4-4F35-A4A0-DE9C427CDD26}.Release|Any CPU.Build.0 = Release|Any CPU
		{EF89B25D-179F-4632-B18A-2B4B6954336B}.Debug|Any CPU.ActiveCfg = Debug|Any CPU
		{EF89B25D-179F-4632-B18A-2B4B6954336B}.Debug|Any CPU.Build.0 = Debug|Any CPU
		{EF89B25D-179F-4632-B18A-2B4B6954336B}.Release|Any CPU.ActiveCfg = Release|Any CPU
		{EF89B25D-179F-4632-B18A-2B4B6954336B}.Release|Any CPU.Build.0 = Release|Any CPU
		{796B9B0B-85C6-4866-8D27-3581C1134FA0}.Debug|Any CPU.ActiveCfg = Debug|Any CPU
		{796B9B0B-85C6-4866-8D27-3581C1134FA0}.Debug|Any CPU.Build.0 = Debug|Any CPU
		{796B9B0B-85C6-4866-8D27-3581C1134FA0}.Release|Any CPU.ActiveCfg = Release|Any CPU
		{796B9B0B-85C6-4866-8D27-3581C1134FA0}.Release|Any CPU.Build.0 = Release|Any CPU
	EndGlobalSection
	GlobalSection(SolutionProperties) = preSolution
		HideSolutionNode = FALSE
	EndGlobalSection
	GlobalSection(NestedProjects) = preSolution
		{554AD327-6DBA-4F8F-96F8-81CE7A0C863F} = {338F9856-0CA3-4C46-8072-71B38AEECB57}
		{1A94A50E-06DC-43C1-80B5-B662820EC3EB} = {47719A24-3595-415C-A92C-3774E4CA0E1C}
		{C956DD76-69C8-4A9C-83EA-D17DF83340FD} = {01248B61-0146-4888-8AC5-BDDA521117CA}
		{50B2631D-129C-47B3-A587-029CCD6099BC} = {2E6A4EE5-FA5F-4AC3-AF50-57B6B3C98BF8}
		{42F719ED-8413-4895-B5B4-5AB56079BC66} = {338F9856-0CA3-4C46-8072-71B38AEECB57}
		{520659C8-C734-4298-A3DA-B539DB9DFC0B} = {47719A24-3595-415C-A92C-3774E4CA0E1C}
		{4164BDF7-F527-4E85-9CE6-E3C2D7426A27} = {47719A24-3595-415C-A92C-3774E4CA0E1C}
		{3B5A0094-670D-4BB1-BFDD-61B88A8773DC} = {47719A24-3595-415C-A92C-3774E4CA0E1C}
		{073C361E-B8F4-49F5-93CC-72A3FF49C026} = {90448605-CFE9-4CA4-A6C4-91585E3F95A2}
		{E6D5BF0E-DE92-4D82-A352-EF04B37CB11C} = {47719A24-3595-415C-A92C-3774E4CA0E1C}
		{1FE30EB9-74A9-47F5-A9F6-7B1FAB672D81} = {A4F4BB05-B097-4A8E-8F93-211DB485313D}
		{91853F21-9CD9-4132-BC29-A7D5D84FFFE7} = {A4F4BB05-B097-4A8E-8F93-211DB485313D}
		{E512F4D9-9375-480F-A2F6-A46509F9D824} = {A4F4BB05-B097-4A8E-8F93-211DB485313D}
		{EF480016-9127-4916-8735-D2466BDBC582} = {2E6A4EE5-FA5F-4AC3-AF50-57B6B3C98BF8}
		{AA94D832-1CCC-4715-95A9-A483F23A1A5D} = {01248B61-0146-4888-8AC5-BDDA521117CA}
		{90448605-CFE9-4CA4-A6C4-91585E3F95A2} = {CA9AC87F-097E-4F15-8393-4BC07735A5B0}
		{CACEA0BD-07F7-4120-8071-35BD02A0EC8F} = {CA9AC87F-097E-4F15-8393-4BC07735A5B0}
		{338F9856-0CA3-4C46-8072-71B38AEECB57} = {CACEA0BD-07F7-4120-8071-35BD02A0EC8F}
		{01248B61-0146-4888-8AC5-BDDA521117CA} = {CACEA0BD-07F7-4120-8071-35BD02A0EC8F}
		{47719A24-3595-415C-A92C-3774E4CA0E1C} = {CA9AC87F-097E-4F15-8393-4BC07735A5B0}
		{6514B673-DEC4-43DD-8052-00E172896B55} = {CA9AC87F-097E-4F15-8393-4BC07735A5B0}
		{4C1F12CB-A6C3-422B-A697-4ACC3849E97E} = {6514B673-DEC4-43DD-8052-00E172896B55}
		{D14E694E-942B-4B63-9E54-7142F1EB699F} = {6514B673-DEC4-43DD-8052-00E172896B55}
		{31EB3B13-947A-467E-93D2-82BE9810E123} = {6514B673-DEC4-43DD-8052-00E172896B55}
		{A37CD2A9-FA41-4BD7-9C32-CD735181A03A} = {6514B673-DEC4-43DD-8052-00E172896B55}
		{221B6322-2BA4-4F35-A4A0-DE9C427CDD26} = {6514B673-DEC4-43DD-8052-00E172896B55}
		{2E6A4EE5-FA5F-4AC3-AF50-57B6B3C98BF8} = {04DBDB01-70F4-4E06-B468-8F87850B22BE}
		{8CFE26C2-B11D-4229-B2CC-4E73450EF0F4} = {04DBDB01-70F4-4E06-B468-8F87850B22BE}
		{EF89B25D-179F-4632-B18A-2B4B6954336B} = {8CFE26C2-B11D-4229-B2CC-4E73450EF0F4}
		{796B9B0B-85C6-4866-8D27-3581C1134FA0} = {8CFE26C2-B11D-4229-B2CC-4E73450EF0F4}
		{A4F4BB05-B097-4A8E-8F93-211DB485313D} = {04DBDB01-70F4-4E06-B468-8F87850B22BE}
	EndGlobalSection
	GlobalSection(ExtensibilityGlobals) = postSolution
		SolutionGuid = {28315BFD-90E7-4E14-A2EA-F3D23AF4126F}
	EndGlobalSection
EndGlobal
